
Microsoft Visual Studio Solution File, Format Version 12.00
# Visual Studio Version 17
VisualStudioVersion = 17.2.32519.379
MinimumVisualStudioVersion = 10.0.40219.1
Project("{9A19103F-16F7-4668-BE54-9A1E7A4F7556}") = "BillyGYM", "BillyGYM\BillyGYM.csproj", "{DC30C3E6-C0D0-4623-905C-C96ECE27FAA5}"
EndProject
Project("{9A19103F-16F7-4668-BE54-9A1E7A4F7556}") = "BillyGYM.Domain", "BillyGym.Domain\BillyGYM.Domain.csproj", "{E9D19D32-C9B2-48C4-90D9-1FF7069DC692}"
EndProject
Project("{9A19103F-16F7-4668-BE54-9A1E7A4F7556}") = "BillyGYM.Infrastucture", "BillyGYM.Infrastucture\BillyGYM.Infrastucture.csproj", "{6808A45D-0E02-4863-A768-C830711F25CD}"
EndProject
Project("{9A19103F-16F7-4668-BE54-9A1E7A4F7556}") = "BilliGYM.Service", "BilliGYM.Service\BilliGYM.Service.csproj", "{8AEE966B-D72D-4C71-BBE8-598202004214}"
EndProject
Global
	GlobalSection(SolutionConfigurationPlatforms) = preSolution
		Debug|Any CPU = Debug|Any CPU
		Release|Any CPU = Release|Any CPU
	EndGlobalSection
	GlobalSection(ProjectConfigurationPlatforms) = postSolution
		{DC30C3E6-C0D0-4623-905C-C96ECE27FAA5}.Debug|Any CPU.ActiveCfg = Debug|Any CPU
		{DC30C3E6-C0D0-4623-905C-C96ECE27FAA5}.Debug|Any CPU.Build.0 = Debug|Any CPU
		{DC30C3E6-C0D0-4623-905C-C96ECE27FAA5}.Release|Any CPU.ActiveCfg = Release|Any CPU
		{DC30C3E6-C0D0-4623-905C-C96ECE27FAA5}.Release|Any CPU.Build.0 = Release|Any CPU
		{E9D19D32-C9B2-48C4-90D9-1FF7069DC692}.Debug|Any CPU.ActiveCfg = Debug|Any CPU
		{E9D19D32-C9B2-48C4-90D9-1FF7069DC692}.Debug|Any CPU.Build.0 = Debug|Any CPU
		{E9D19D32-C9B2-48C4-90D9-1FF7069DC692}.Release|Any CPU.ActiveCfg = Release|Any CPU
		{E9D19D32-C9B2-48C4-90D9-1FF7069DC692}.Release|Any CPU.Build.0 = Release|Any CPU
		{6808A45D-0E02-4863-A768-C830711F25CD}.Debug|Any CPU.ActiveCfg = Debug|Any CPU
		{6808A45D-0E02-4863-A768-C830711F25CD}.Debug|Any CPU.Build.0 = Debug|Any CPU
		{6808A45D-0E02-4863-A768-C830711F25CD}.Release|Any CPU.ActiveCfg = Release|Any CPU
		{6808A45D-0E02-4863-A768-C830711F25CD}.Release|Any CPU.Build.0 = Release|Any CPU
		{8AEE966B-D72D-4C71-BBE8-598202004214}.Debug|Any CPU.ActiveCfg = Debug|Any CPU
		{8AEE966B-D72D-4C71-BBE8-598202004214}.Debug|Any CPU.Build.0 = Debug|Any CPU
		{8AEE966B-D72D-4C71-BBE8-598202004214}.Release|Any CPU.ActiveCfg = Release|Any CPU
		{8AEE966B-D72D-4C71-BBE8-598202004214}.Release|Any CPU.Build.0 = Release|Any CPU
	EndGlobalSection
	GlobalSection(SolutionProperties) = preSolution
		HideSolutionNode = FALSE
	EndGlobalSection
	GlobalSection(ExtensibilityGlobals) = postSolution
		SolutionGuid = {F784F5A0-7D70-4FF9-AFEA-37BABA4B4D87}
	EndGlobalSection
EndGlobal
